
Microsoft Visual Studio Solution File, Format Version 12.00
# Visual Studio Version 17
VisualStudioVersion = 17.10.34916.146
MinimumVisualStudioVersion = 10.0.40219.1
Project("{9A19103F-16F7-4668-BE54-9A1E7A4F7556}") = "Api", "Api\Api.csproj", "{9FF27F9E-F30C-4608-8B00-1B0EFC1D34F9}"
EndProject
Project("{9A19103F-16F7-4668-BE54-9A1E7A4F7556}") = "Services", "Services\Services.csproj", "{46FB0877-0DF3-4A2D-A11A-02746D951768}"
EndProject
Project("{9A19103F-16F7-4668-BE54-9A1E7A4F7556}") = "Entities", "Entities\Entities.csproj", "{1AA41C7F-BFF9-4A86-8F36-5D9959B29364}"
EndProject
Project("{9A19103F-16F7-4668-BE54-9A1E7A4F7556}") = "Data", "Data\Data.csproj", "{CFAB87FA-B20C-4E4C-8499-5311A2A28F33}"
EndProject
Project("{FAE04EC0-301F-11D3-BF4B-00C04F79EFBC}") = "Web", "Web\Web.csproj", "{26779E58-88C5-4B4F-97CE-819616B46286}"
EndProject
Global
	GlobalSection(SolutionConfigurationPlatforms) = preSolution
		Debug|Any CPU = Debug|Any CPU
		Release|Any CPU = Release|Any CPU
	EndGlobalSection
	GlobalSection(ProjectConfigurationPlatforms) = postSolution
		{9FF27F9E-F30C-4608-8B00-1B0EFC1D34F9}.Debug|Any CPU.ActiveCfg = Debug|Any CPU
		{9FF27F9E-F30C-4608-8B00-1B0EFC1D34F9}.Debug|Any CPU.Build.0 = Debug|Any CPU
		{9FF27F9E-F30C-4608-8B00-1B0EFC1D34F9}.Release|Any CPU.ActiveCfg = Release|Any CPU
		{9FF27F9E-F30C-4608-8B00-1B0EFC1D34F9}.Release|Any CPU.Build.0 = Release|Any CPU
		{46FB0877-0DF3-4A2D-A11A-02746D951768}.Debug|Any CPU.ActiveCfg = Debug|Any CPU
		{46FB0877-0DF3-4A2D-A11A-02746D951768}.Debug|Any CPU.Build.0 = Debug|Any CPU
		{46FB0877-0DF3-4A2D-A11A-02746D951768}.Release|Any CPU.ActiveCfg = Release|Any CPU
		{46FB0877-0DF3-4A2D-A11A-02746D951768}.Release|Any CPU.Build.0 = Release|Any CPU
		{1AA41C7F-BFF9-4A86-8F36-5D9959B29364}.Debug|Any CPU.ActiveCfg = Debug|Any CPU
		{1AA41C7F-BFF9-4A86-8F36-5D9959B29364}.Debug|Any CPU.Build.0 = Debug|Any CPU
		{1AA41C7F-BFF9-4A86-8F36-5D9959B29364}.Release|Any CPU.ActiveCfg = Release|Any CPU
		{1AA41C7F-BFF9-4A86-8F36-5D9959B29364}.Release|Any CPU.Build.0 = Release|Any CPU
		{CFAB87FA-B20C-4E4C-8499-5311A2A28F33}.Debug|Any CPU.ActiveCfg = Debug|Any CPU
		{CFAB87FA-B20C-4E4C-8499-5311A2A28F33}.Debug|Any CPU.Build.0 = Debug|Any CPU
		{CFAB87FA-B20C-4E4C-8499-5311A2A28F33}.Release|Any CPU.ActiveCfg = Release|Any CPU
		{CFAB87FA-B20C-4E4C-8499-5311A2A28F33}.Release|Any CPU.Build.0 = Release|Any CPU
		{26779E58-88C5-4B4F-97CE-819616B46286}.Debug|Any CPU.ActiveCfg = Debug|Any CPU
		{26779E58-88C5-4B4F-97CE-819616B46286}.Debug|Any CPU.Build.0 = Debug|Any CPU
		{26779E58-88C5-4B4F-97CE-819616B46286}.Release|Any CPU.ActiveCfg = Release|Any CPU
		{26779E58-88C5-4B4F-97CE-819616B46286}.Release|Any CPU.Build.0 = Release|Any CPU
	EndGlobalSection
	GlobalSection(SolutionProperties) = preSolution
		HideSolutionNode = FALSE
	EndGlobalSection
	GlobalSection(ExtensibilityGlobals) = postSolution
		SolutionGuid = {C1F26CBD-327F-4FF1-B48D-25100F68CAF0}
	EndGlobalSection
EndGlobal
